hash: bb703c247363a66e2271cda67d4de31ea955d218f92a124d355435120999a207
updated: 2016-10-05T00:00:19.418640823+09:00
imports:
- name: cloud.google.com/go
  version: fe3d41e1ecb2ce36ad3a979037c9b9a2b726226f
  subpackages:
  - compute/metadata
  - internal
- name: github.com/azr/backoff
  version: 53511d3c733003985b0b76f733df1f4d0095ee6a
- name: github.com/ChimeraCoder/anaconda
  version: 91bfbf5de08def2e8b5480b52cae811d2bde3af9
- name: github.com/ChimeraCoder/tokenbucket
  version: c5a927568de7aad8a58127d80bcd36ca4e71e454
- name: github.com/dustin/go-jsonpointer
  version: 2efc9fef1d9421a8d252a32e20beb10cecd2bbca
- name: github.com/dustin/gojson
  version: 2e71ec9dd5adce3b168cd0dbde03b5cc04951c30
- name: github.com/garyburd/go-oauth
  version: 719b069913e1151a73ea30d2ea4f90deda3ce234
  subpackages:
  - oauth
- name: github.com/go-yaml/yaml
  version: a5b47d31c556af34a302ce5d659e6fea44d90de0
- name: github.com/golang/protobuf
  version: 7cc19b78d562895b13596ddce7aafb59dd789318
  subpackages:
  - proto
- name: github.com/joho/godotenv
  version: 4ed13390c0acd2ff4e371e64d8b97c8954138243
- name: golang.org/x/net
  version: 5916dcb167ed985a5b9e6871fbfd74848a4c170b
  subpackages:
  - context
  - context/ctxhttp
- name: golang.org/x/oauth2
  version: 3c3a985cb79f52a3190fbc056984415ca6763d01
  subpackages:
  - google
  - internal
  - jws
  - jwt
- name: golang.org/x/tools
  version: 9ae4729fba20b3533d829a9c6ba8195b068f2abc
  subpackages:
  - blog/atom
- name: google.golang.org/api
  version: 7059a7f3d456870ff1e8424a6b1f62abe5f95f36
  subpackages:
  - calendar/v3
  - gensupport
  - googleapi
  - googleapi/internal/uritemplates
- name: google.golang.org/appengine
  version: e234e71924d4aa52444bc76f2f831f13fa1eca60
  subpackages:
  - internal
  - internal/app_identity
  - internal/base
  - internal/datastore
  - internal/log
  - internal/modules
  - internal/remote_api
  - internal/urlfetch
  - urlfetch
testImports: []
