# This file is autogenerated, do not edit; changes may be undone by the next 'dep ensure'.


[[projects]]
  name = "cloud.google.com/go"
  packages = ["compute/metadata","internal"]
  revision = "fe3d41e1ecb2ce36ad3a979037c9b9a2b726226f"
  version = "v0.2.0"

[[projects]]
  name = "github.com/ChimeraCoder/anaconda"
  packages = ["."]
  revision = "91bfbf5de08def2e8b5480b52cae811d2bde3af9"

[[projects]]
  branch = "master"
  name = "github.com/ChimeraCoder/tokenbucket"
  packages = ["."]
  revision = "c5a927568de7aad8a58127d80bcd36ca4e71e454"

[[projects]]
  name = "github.com/PuerkitoBio/goquery"
  packages = ["."]
  revision = "e1271ee34c6a305e38566ecd27ae374944907ee9"
  version = "v1.1.0"

[[projects]]
  name = "github.com/andybalholm/cascadia"
  packages = ["."]
  revision = "3ad29d1ad1c4f2023e355603324348cf1f4b2d48"

[[projects]]
  branch = "master"
  name = "github.com/azr/backoff"
  packages = ["."]
  revision = "53511d3c733003985b0b76f733df1f4d0095ee6a"

[[projects]]
  name = "github.com/davecgh/go-spew"
  packages = ["spew"]
  revision = "6d212800a42e8ab5c146b8ace3490ee17e5225f9"

[[projects]]
  name = "github.com/dustin/go-jsonpointer"
  packages = ["."]
  revision = "2efc9fef1d9421a8d252a32e20beb10cecd2bbca"

[[projects]]
  branch = "master"
  name = "github.com/dustin/gojson"
  packages = ["."]
  revision = "2e71ec9dd5adce3b168cd0dbde03b5cc04951c30"

[[projects]]
  name = "github.com/garyburd/go-oauth"
  packages = ["oauth"]
  revision = "719b069913e1151a73ea30d2ea4f90deda3ce234"

[[projects]]
  name = "github.com/go-yaml/yaml"
  packages = ["."]
  revision = "31c299268d302dd0aa9a0dcf765a3d58971ac83f"

[[projects]]
  name = "github.com/golang/protobuf"
  packages = ["proto"]
  revision = "7cc19b78d562895b13596ddce7aafb59dd789318"

[[projects]]
  branch = "master"
  name = "github.com/hashicorp/go-cleanhttp"
  packages = ["."]
  revision = "3573b8b52aa7b37b9358d966a898feb387f62437"

[[projects]]
  branch = "master"
  name = "github.com/hashicorp/go-retryablehttp"
  packages = ["."]
  revision = "794af36148bf63c118d6db80eb902a136b907e71"

[[projects]]
  name = "github.com/mmcdole/gofeed"
  packages = [".","atom","extensions","internal/shared","rss"]
  revision = "303223474e837398b2f8a265e5572958bb5568c0"
  version = "v1.0.0-beta"

[[projects]]
  name = "github.com/mmcdole/goxpp"
  packages = ["."]
  revision = "e38884aa48c1952a416ba35f3c276e4f02f9b40e"

[[projects]]
  name = "github.com/pmezard/go-difflib"
  packages = ["difflib"]
  revision = "d8ed2627bdf02c080bf22230dbb337003b7aba2d"

[[projects]]
  name = "github.com/stretchr/testify"
  packages = ["assert"]
  revision = "69483b4bd14f5845b5a1e55bca19e954e827f1d0"
  version = "v1.1.4"

[[projects]]
  name = "golang.org/x/net"
  packages = ["context","context/ctxhttp","html","html/atom","html/charset"]
  revision = "5916dcb167ed985a5b9e6871fbfd74848a4c170b"

[[projects]]
  name = "golang.org/x/oauth2"
  packages = [".","google","internal","jws","jwt"]
  revision = "3c3a985cb79f52a3190fbc056984415ca6763d01"

[[projects]]
  name = "golang.org/x/sync"
  packages = ["errgroup"]
  revision = "f52d1811a62927559de87708c8913c1650ce4f26"

[[projects]]
  name = "golang.org/x/text"
  packages = ["encoding","encoding/charmap","encoding/htmlindex","encoding/internal","encoding/internal/identifier","encoding/japanese","encoding/korean","encoding/simplifiedchinese","encoding/traditionalchinese","encoding/unicode","internal/gen","internal/tag","internal/utf8internal","language","runes","transform","unicode/cldr"]
  revision = "f773ec03ce334298742df7f3108fc0d402646d22"

[[projects]]
  name = "google.golang.org/api"
  packages = ["calendar/v3","gensupport","googleapi","googleapi/internal/uritemplates"]
  revision = "7059a7f3d456870ff1e8424a6b1f62abe5f95f36"

[[projects]]
  name = "google.golang.org/appengine"
  packages = [".","internal","internal/app_identity","internal/base","internal/datastore","internal/log","internal/modules","internal/remote_api","internal/urlfetch","urlfetch"]
  revision = "e234e71924d4aa52444bc76f2f831f13fa1eca60"

[[projects]]
  name = "mvdan.cc/xurls"
  packages = ["."]
  revision = "d315b61cf6727664f310fa87b3197e9faf2a8513"
  version = "v1.1.0"

[solve-meta]
  analyzer-name = "dep"
  analyzer-version = 1
  inputs-digest = "3717a0aa11ae6bb9d3f638f176747ece047862087f13b4d146ee3d188e141ffb"
  solver-name = "gps-cdcl"
  solver-version = 1
