# This file is autogenerated, do not edit; changes may be undone by the next 'dep ensure'.


[[projects]]
  digest = "1:a639b30711f62030ade1432a6bcf135c23c38607d1478d3ce53829ea2a664197"
  name = "cloud.google.com/go"
  packages = ["compute/metadata"]
  pruneopts = ""
  revision = "0ebda48a7f143b1cce9eb37a8c1106ac762a3430"
  version = "v0.34.0"

[[projects]]
  branch = "master"
  digest = "1:5d7244a3ba74f404c3befb1af958e8b687d81b9c95d9096aa5989bd7e9b2069f"
  name = "github.com/ChimeraCoder/anaconda"
  packages = ["."]
  pruneopts = ""
  revision = "fba449f7b405a61af4f8a9246bd557f9625bd7be"

[[projects]]
  branch = "master"
  digest = "1:1632705b0fa9266d58506dfb2bf26dc502709c3911d5660cf278503fcfadf6ac"
  name = "github.com/ChimeraCoder/tokenbucket"
  packages = ["."]
  pruneopts = ""
  revision = "c5a927568de7aad8a58127d80bcd36ca4e71e454"

[[projects]]
  digest = "1:439bfb51db599cd80766736b93b3d10e9314361197ada0b1209a51627a00ccd5"
  name = "github.com/PuerkitoBio/goquery"
  packages = ["."]
  pruneopts = ""
  revision = "2d2796f41742ece03e8086188fa4db16a3a0b458"
  version = "v1.5.0"

[[projects]]
  digest = "1:e3726ad6f38f710e84c8dcd0e830014de6eaeea81f28d91ae898afecc078479a"
  name = "github.com/andybalholm/cascadia"
  packages = ["."]
  pruneopts = ""
  revision = "901648c87902174f774fac311d7f176f8647bdaa"
  version = "v1.0.0"

[[projects]]
  branch = "master"
  digest = "1:650520e175941762d4781168477eda2561c4e24fb0b0578761dda5b0e1382237"
  name = "github.com/azr/backoff"
  packages = ["."]
  pruneopts = ""
  revision = "53511d3c733003985b0b76f733df1f4d0095ee6a"

[[projects]]
  digest = "1:0deddd908b6b4b768cfc272c16ee61e7088a60f7fe2f06c547bd3d8e1f8b8e77"
  name = "github.com/davecgh/go-spew"
  packages = ["spew"]
  pruneopts = ""
  revision = "8991bc29aa16c548c550c7ff78260e27b9ab7c73"
  version = "v1.1.1"

[[projects]]
  branch = "master"
  digest = "1:5a57f88a1196908f330b6b10340aaa34b5594183e80a7659cac1bfbb3a88d84e"
  name = "github.com/dustin/go-jsonpointer"
  packages = ["."]
  pruneopts = ""
  revision = "ba0abeacc3dcca5b9b20f31509c46794edbc9965"

[[projects]]
  branch = "master"
  digest = "1:9140f1215e69e5b5f05ee4faf473f8532f8a62b2588c55f6ab4f467c31b5a5f8"
  name = "github.com/dustin/gojson"
  packages = ["."]
  pruneopts = ""
  revision = "2e71ec9dd5adce3b168cd0dbde03b5cc04951c30"

[[projects]]
  branch = "master"
  digest = "1:3e475864c53cf4225f5c050640fca1aef1157f4208752c92cc01a1b430e759f7"
  name = "github.com/garyburd/go-oauth"
  packages = ["oauth"]
  pruneopts = ""
  revision = "bca2e7f09a178fd36b034107a00e2323bca6a82e"

[[projects]]
  branch = "v2"
  digest = "1:cedccf16b71e86db87a24f8d4c70b0a855872eb967cb906a66b95de56aefbd0d"
  name = "github.com/go-yaml/yaml"
  packages = ["."]
  pruneopts = ""
  revision = "51d6538a90f86fe93ac480b35f37b2be17fef232"

[[projects]]
  digest = "1:3dd078fda7500c341bc26cfbc6c6a34614f295a2457149fc1045cab767cbcf18"
  name = "github.com/golang/protobuf"
  packages = ["proto"]
  pruneopts = ""
  revision = "aa810b61a9c79d51363740d207bb46cf8e620ed5"
  version = "v1.2.0"

[[projects]]
  digest = "1:05334858a0cfb538622a066e065287f63f42bee26a7fda93a789674225057201"
  name = "github.com/hashicorp/go-cleanhttp"
  packages = ["."]
  pruneopts = ""
  revision = "e8ab9daed8d1ddd2d3c4efba338fe2eeae2e4f18"
  version = "v0.5.0"

[[projects]]
  branch = "master"
  digest = "1:84e2ab72e8daa944ec298efaea8c0be61abb50fefb332fa31aa5283029a59a7a"
  name = "github.com/hashicorp/go-retryablehttp"
  packages = ["."]
  pruneopts = ""
  revision = "d3a63d3c72068412f9ecd7c36faafd874d2e2888"

[[projects]]
  branch = "master"
  digest = "1:cafe02c19208af3558c6527c27a6cd30260d36c37ce7bd61a6176e56d670c7a6"
  name = "github.com/mmcdole/gofeed"
  packages = [
    ".",
    "atom",
    "extensions",
    "internal/shared",
    "rss",
  ]
  pruneopts = ""
  revision = "eb870fd61fb89d07d55477e20d11449308489349"

[[projects]]
  branch = "master"
  digest = "1:8067e0622d4e1c3ca83149a838fa85214c90c135db5bbafcf48587f82b3278e9"
  name = "github.com/mmcdole/goxpp"
  packages = ["."]
  pruneopts = ""
  revision = "0068e33feabfc0086c7aeb58a9603f91c061c89f"

[[projects]]
  digest = "1:7365acd48986e205ccb8652cc746f09c8b7876030d53710ea6ef7d0bd0dcd7ca"
  name = "github.com/pkg/errors"
  packages = ["."]
  pruneopts = ""
  revision = "645ef00459ed84a119197bfb8d8205042c6df63d"
  version = "v0.8.0"

[[projects]]
  digest = "1:256484dbbcd271f9ecebc6795b2df8cad4c458dd0f5fd82a8c2fa0c29f233411"
  name = "github.com/pmezard/go-difflib"
  packages = ["difflib"]
  pruneopts = ""
  revision = "792786c7400a136282c1664665ae0a8db921c6c2"
  version = "v1.0.0"

[[projects]]
  branch = "master"
  digest = "1:71299c0c883c5b12979d110d80058e2e4f8b7ee55436a6cdabe090934b56417a"
  name = "github.com/stretchr/testify"
  packages = ["assert"]
  pruneopts = ""
  revision = "5b93e2dc01fd8fbf32aa74a198b0ebe78f6f6b6f"

[[projects]]
  branch = "master"
  digest = "1:3b4532388bb9dfcc98530527160974cf5ec03120002887777516a98092725ba0"
  name = "golang.org/x/net"
  packages = [
    "context",
    "context/ctxhttp",
    "html",
    "html/atom",
    "html/charset",
  ]
  pruneopts = ""
  revision = "e147a9138326bc0e9d4e179541ffd8af41cff8a9"

[[projects]]
  branch = "master"
  digest = "1:ea010cdb976f9de0c763728a76278f9109fca3299abd0dc3e8f2ccb9ff347268"
  name = "golang.org/x/oauth2"
  packages = [
    ".",
    "google",
    "internal",
    "jws",
    "jwt",
  ]
  pruneopts = ""
  revision = "d668ce993890a79bda886613ee587a69dd5da7a6"

[[projects]]
  branch = "master"
  digest = "1:88ecca26e54f601a8733c9a31d9f0883b915216a177673f0467f6b864fd0d90f"
  name = "golang.org/x/sync"
  packages = ["errgroup"]
  pruneopts = ""
  revision = "42b317875d0fa942474b76e1b46a6060d720ae6e"

[[projects]]
  digest = "1:5acd3512b047305d49e8763eef7ba423901e85d5dd2fd1e71778a0ea8de10bd4"
  name = "golang.org/x/text"
  packages = [
    "encoding",
    "encoding/charmap",
    "encoding/htmlindex",
    "encoding/internal",
    "encoding/internal/identifier",
    "encoding/japanese",
    "encoding/korean",
    "encoding/simplifiedchinese",
    "encoding/traditionalchinese",
    "encoding/unicode",
    "internal/gen",
    "internal/tag",
    "internal/utf8internal",
    "language",
    "runes",
    "transform",
    "unicode/cldr",
  ]
  pruneopts = ""
  revision = "f21a4dfb5e38f5895301dc265a8def02365cc3d0"
  version = "v0.3.0"

[[projects]]
  branch = "master"
  digest = "1:6d6c873c2dd1bb28d9562ea2c04e845d1ebc4f4832e1778e059cd8a052727098"
  name = "google.golang.org/api"
  packages = [
    "calendar/v3",
    "gensupport",
    "googleapi",
    "googleapi/internal/uritemplates",
  ]
  pruneopts = ""
  revision = "146117f78c63efe78e04021cc321e59fb3c13e50"

[[projects]]
  digest = "1:77d3cff3a451d50be4b52db9c7766c0d8570ba47593f0c9dc72173adb208e788"
  name = "google.golang.org/appengine"
  packages = [
    ".",
    "internal",
    "internal/app_identity",
    "internal/base",
    "internal/datastore",
    "internal/log",
    "internal/modules",
    "internal/remote_api",
    "internal/urlfetch",
    "urlfetch",
  ]
  pruneopts = ""
  revision = "4a4468ece617fc8205e99368fa2200e9d1fad421"
  version = "v1.3.0"

[[projects]]
  branch = "master"
  digest = "1:bc9cefd5be3dcd94dd16f676af21903b57eae327cf39486c1680d0a4083d0b22"
  name = "mvdan.cc/xurls"
  packages = ["."]
  pruneopts = ""
  revision = "e52e821cbfe8fe163ff6f8628ab5869b11fc05af"

[solve-meta]
  analyzer-name = "dep"
  analyzer-version = 1
  input-imports = [
    "github.com/ChimeraCoder/anaconda",
    "github.com/go-yaml/yaml",
    "github.com/hashicorp/go-retryablehttp",
    "github.com/mmcdole/gofeed",
    "github.com/pkg/errors",
    "github.com/stretchr/testify/assert",
    "golang.org/x/oauth2/google",
    "golang.org/x/sync/errgroup",
    "google.golang.org/api/calendar/v3",
    "mvdan.cc/xurls",
  ]
  solver-name = "gps-cdcl"
  solver-version = 1
